<Solution>
  <Folder Name="/Solution Items/">
    <File Path="docker-compose.yml" />
  </Folder>
  <Folder Name="/src/" />
  <Folder Name="/src/Services/" />
  <Folder Name="/src/Services/Gateway/">
    <Project Path="src/Services/Gateway/Gateway.Api/Gateway.Api.csproj" />
    <Project Path="src/Services/Gateway/Gateway.Application/Gateway.Application.csproj" />
    <Project Path="src/Services/Gateway/Gateway.Domain/Gateway.Domain.csproj" />
    <Project Path="src/Services/Gateway/Gateway.Infrastructure/Gateway.Infrastructure.csproj" />
  </Folder>
  <Folder Name="/src/Services/Merchant/">
    <Project Path="src/Services/Merchant/Merchant.Api/Merchant.Api.csproj" />
  </Folder>
</Solution>
